
Microsoft Visual Studio Solution File, Format Version 12.00
# Visual Studio Version 17
VisualStudioVersion = 17.8.34601.278
MinimumVisualStudioVersion = 10.0.40219.1
Project("{FAE04EC0-301F-11D3-BF4B-00C04F79EFBC}") = "WebApplication1Progra3QUIZ", "WebApplication1Progra3QUIZ\WebApplication1Progra3QUIZ.csproj", "{CA14FD4E-E923-49B9-B75D-F30E6AD46AE1}"
EndProject
Global
	GlobalSection(SolutionConfigurationPlatforms) = preSolution
		Debug|Any CPU = Debug|Any CPU
		Release|Any CPU = Release|Any CPU
	EndGlobalSection
	GlobalSection(ProjectConfigurationPlatforms) = postSolution
		{CA14FD4E-E923-49B9-B75D-F30E6AD46AE1}.Debug|Any CPU.ActiveCfg = Debug|Any CPU
		{CA14FD4E-E923-49B9-B75D-F30E6AD46AE1}.Debug|Any CPU.Build.0 = Debug|Any CPU
		{CA14FD4E-E923-49B9-B75D-F30E6AD46AE1}.Release|Any CPU.ActiveCfg = Release|Any CPU
		{CA14FD4E-E923-49B9-B75D-F30E6AD46AE1}.Release|Any CPU.Build.0 = Release|Any CPU
	EndGlobalSection
	GlobalSection(SolutionProperties) = preSolution
		HideSolutionNode = FALSE
	EndGlobalSection
	GlobalSection(ExtensibilityGlobals) = postSolution
		SolutionGuid = {8EC5EF5E-48DB-4552-A5EE-1D55CB15F165}
	EndGlobalSection
EndGlobal
